
Microsoft Visual Studio Solution File, Format Version 12.00
# Visual Studio 15
VisualStudioVersion = 15.0.27130.2024
MinimumVisualStudioVersion = 10.0.40219.1
Project("{FAE04EC0-301F-11D3-BF4B-00C04F79EFBC}") = "PracWork2", "PracWork2\PracWork2.csproj", "{534AC2D3-F070-4F21-8474-F7175984F0D8}"
EndProject
Global
	GlobalSection(SolutionConfigurationPlatforms) = preSolution
		Debug|Any CPU = Debug|Any CPU
		Release|Any CPU = Release|Any CPU
	EndGlobalSection
	GlobalSection(ProjectConfigurationPlatforms) = postSolution
		{534AC2D3-F070-4F21-8474-F7175984F0D8}.Debug|Any CPU.ActiveCfg = Debug|Any CPU
		{534AC2D3-F070-4F21-8474-F7175984F0D8}.Debug|Any CPU.Build.0 = Debug|Any CPU
		{534AC2D3-F070-4F21-8474-F7175984F0D8}.Release|Any CPU.ActiveCfg = Release|Any CPU
		{534AC2D3-F070-4F21-8474-F7175984F0D8}.Release|Any CPU.Build.0 = Release|Any CPU
	EndGlobalSection
	GlobalSection(SolutionProperties) = preSolution
		HideSolutionNode = FALSE
	EndGlobalSection
	GlobalSection(ExtensibilityGlobals) = postSolution
		SolutionGuid = {DF2B69DD-8BF6-4381-854F-9DF62506B779}
	EndGlobalSection
EndGlobal
